
Microsoft Visual Studio Solution File, Format Version 12.00
# Visual Studio Version 17
VisualStudioVersion = 17.5.33414.496
MinimumVisualStudioVersion = 10.0.40219.1
Project("{FAE04EC0-301F-11D3-BF4B-00C04F79EFBC}") = "IoTLightHub", "IoTLightHub\IoTLightHub.csproj", "{79525A7F-A77F-4AAA-B940-4063B1C1970D}"
EndProject
Global
	GlobalSection(SolutionConfigurationPlatforms) = preSolution
		Debug|Any CPU = Debug|Any CPU
		Release|Any CPU = Release|Any CPU
	EndGlobalSection
	GlobalSection(ProjectConfigurationPlatforms) = postSolution
		{79525A7F-A77F-4AAA-B940-4063B1C1970D}.Debug|Any CPU.ActiveCfg = Debug|Any CPU
		{79525A7F-A77F-4AAA-B940-4063B1C1970D}.Debug|Any CPU.Build.0 = Debug|Any CPU
		{79525A7F-A77F-4AAA-B940-4063B1C1970D}.Release|Any CPU.ActiveCfg = Release|Any CPU
		{79525A7F-A77F-4AAA-B940-4063B1C1970D}.Release|Any CPU.Build.0 = Release|Any CPU
	EndGlobalSection
	GlobalSection(SolutionProperties) = preSolution
		HideSolutionNode = FALSE
	EndGlobalSection
	GlobalSection(ExtensibilityGlobals) = postSolution
		SolutionGuid = {3CF25C50-0AC7-417B-B847-F27F06038CF0}
	EndGlobalSection
EndGlobal
